
Microsoft Visual Studio Solution File, Format Version 12.00
# Visual Studio Version 17
VisualStudioVersion = 17.5.002.0
MinimumVisualStudioVersion = 10.0.40219.1
Project("{9A19103F-16F7-4668-BE54-9A1E7A4F7556}") = "para meu curriculo", "para meu curriculo.csproj", "{BBBB956C-3841-42B4-BDA7-CF4AC08919EF}"
EndProject
Project("{9A19103F-16F7-4668-BE54-9A1E7A4F7556}") = "teste", "teste.csproj", "{973CFF65-C190-45EB-8742-10A65AB86EAD}"
EndProject
Global
	GlobalSection(SolutionConfigurationPlatforms) = preSolution
		Debug|Any CPU = Debug|Any CPU
		Release|Any CPU = Release|Any CPU
	EndGlobalSection
	GlobalSection(ProjectConfigurationPlatforms) = postSolution
		{BBBB956C-3841-42B4-BDA7-CF4AC08919EF}.Debug|Any CPU.ActiveCfg = Debug|Any CPU
		{BBBB956C-3841-42B4-BDA7-CF4AC08919EF}.Debug|Any CPU.Build.0 = Debug|Any CPU
		{BBBB956C-3841-42B4-BDA7-CF4AC08919EF}.Release|Any CPU.ActiveCfg = Release|Any CPU
		{BBBB956C-3841-42B4-BDA7-CF4AC08919EF}.Release|Any CPU.Build.0 = Release|Any CPU
		{973CFF65-C190-45EB-8742-10A65AB86EAD}.Debug|Any CPU.ActiveCfg = Debug|Any CPU
		{973CFF65-C190-45EB-8742-10A65AB86EAD}.Debug|Any CPU.Build.0 = Debug|Any CPU
		{973CFF65-C190-45EB-8742-10A65AB86EAD}.Release|Any CPU.ActiveCfg = Release|Any CPU
		{973CFF65-C190-45EB-8742-10A65AB86EAD}.Release|Any CPU.Build.0 = Release|Any CPU
	EndGlobalSection
	GlobalSection(SolutionProperties) = preSolution
		HideSolutionNode = FALSE
	EndGlobalSection
	GlobalSection(ExtensibilityGlobals) = postSolution
		SolutionGuid = {46423953-2C02-43DB-9405-807111302D12}
	EndGlobalSection
EndGlobal
